
Microsoft Visual Studio Solution File, Format Version 12.00
# Visual Studio Version 17
VisualStudioVersion = 17.6.33723.286
MinimumVisualStudioVersion = 10.0.40219.1
Project("{9A19103F-16F7-4668-BE54-9A1E7A4F7556}") = "UseCase1", "UseCase1.csproj", "{B422427B-B3D9-4E64-866A-ADD4B7529315}"
EndProject
Global
	GlobalSection(SolutionConfigurationPlatforms) = preSolution
		Debug|Any CPU = Debug|Any CPU
		Release|Any CPU = Release|Any CPU
	EndGlobalSection
	GlobalSection(ProjectConfigurationPlatforms) = postSolution
		{B422427B-B3D9-4E64-866A-ADD4B7529315}.Debug|Any CPU.ActiveCfg = Debug|Any CPU
		{B422427B-B3D9-4E64-866A-ADD4B7529315}.Debug|Any CPU.Build.0 = Debug|Any CPU
		{B422427B-B3D9-4E64-866A-ADD4B7529315}.Release|Any CPU.ActiveCfg = Release|Any CPU
		{B422427B-B3D9-4E64-866A-ADD4B7529315}.Release|Any CPU.Build.0 = Release|Any CPU
	EndGlobalSection
	GlobalSection(SolutionProperties) = preSolution
		HideSolutionNode = FALSE
	EndGlobalSection
	GlobalSection(ExtensibilityGlobals) = postSolution
		SolutionGuid = {3AFA931F-4A43-45C7-82E2-D7E5A2E7812B}
	EndGlobalSection
EndGlobal
